
Microsoft Visual Studio Solution File, Format Version 12.00
# Visual Studio Version 17
VisualStudioVersion = 17.4.33122.133
MinimumVisualStudioVersion = 10.0.40219.1
Project("{FAE04EC0-301F-11D3-BF4B-00C04F79EFBC}") = "ZooManageApp", "ZooManageApp\ZooManageApp.csproj", "{8FC48D5A-8C18-4DFB-808D-6B15B0B14EE6}"
EndProject
Global
	GlobalSection(SolutionConfigurationPlatforms) = preSolution
		Debug|Any CPU = Debug|Any CPU
		Release|Any CPU = Release|Any CPU
	EndGlobalSection
	GlobalSection(ProjectConfigurationPlatforms) = postSolution
		{8FC48D5A-8C18-4DFB-808D-6B15B0B14EE6}.Debug|Any CPU.ActiveCfg = Debug|Any CPU
		{8FC48D5A-8C18-4DFB-808D-6B15B0B14EE6}.Debug|Any CPU.Build.0 = Debug|Any CPU
		{8FC48D5A-8C18-4DFB-808D-6B15B0B14EE6}.Release|Any CPU.ActiveCfg = Release|Any CPU
		{8FC48D5A-8C18-4DFB-808D-6B15B0B14EE6}.Release|Any CPU.Build.0 = Release|Any CPU
	EndGlobalSection
	GlobalSection(SolutionProperties) = preSolution
		HideSolutionNode = FALSE
	EndGlobalSection
	GlobalSection(ExtensibilityGlobals) = postSolution
		SolutionGuid = {44EBEBBF-AC30-442C-B864-AD92FA2A8D72}
	EndGlobalSection
EndGlobal
